
Microsoft Visual Studio Solution File, Format Version 12.00
# Visual Studio 2012
Project("{2150E333-8FDC-42A3-9474-1A3956D46DE8}") = "0.Core", "0.Core", "{E64B1CCF-A28E-44BF-8052-79D5EA210637}"
EndProject
Project("{2150E333-8FDC-42A3-9474-1A3956D46DE8}") = "2.Services", "2.Services", "{9FC33218-A32F-49BB-913F-EB7DC61D05E5}"
EndProject
Project("{FAE04EC0-301F-11D3-BF4B-00C04F79EFBC}") = "Ors.Core", "Ors.Core\Ors.Core.csproj", "{77128248-6AFC-4BE6-837E-6DA8703ADA30}"
EndProject
Project("{FAE04EC0-301F-11D3-BF4B-00C04F79EFBC}") = "Ors.Framework", "Ors.Framework\Ors.Framework.csproj", "{D31C25DD-B900-42F6-9BA6-2E30BA039671}"
EndProject
Project("{2150E333-8FDC-42A3-9474-1A3956D46DE8}") = "1.Models", "1.Models", "{BD640622-E04F-4333-A027-B16FAACEB97E}"
EndProject
Project("{2150E333-8FDC-42A3-9474-1A3956D46DE8}") = "3.Test", "3.Test", "{B2904ACF-B024-4B82-8EB9-7F5AB2697029}"
EndProject
Project("{FAE04EC0-301F-11D3-BF4B-00C04F79EFBC}") = "Ors.Test", "Ors.Test\Ors.Test.csproj", "{77565B6A-8B45-4B61-AAD1-C0C682DDB629}"
EndProject
Project("{2150E333-8FDC-42A3-9474-1A3956D46DE8}") = "4.Solution Items", "4.Solution Items", "{61D51931-E13C-4AAF-8189-11BA160B7BC8}"
	ProjectSection(SolutionItems) = preProject
		TODO list.txt = TODO list.txt
	EndProjectSection
EndProject
Project("{2150E333-8FDC-42A3-9474-1A3956D46DE8}") = "Extensions", "Extensions", "{DDE82093-9AD9-4488-9DF5-5B35ADA91B50}"
EndProject
Project("{FAE04EC0-301F-11D3-BF4B-00C04F79EFBC}") = "Ors.Core.Log4Net", "Ors.Core.Log4Net\Ors.Core.Log4Net.csproj", "{A1AD1031-1C7D-4DAC-B6E5-958EFF42E132}"
EndProject
Project("{2150E333-8FDC-42A3-9474-1A3956D46DE8}") = "App", "App", "{F2AE29A6-DD41-46B9-94D3-C5AD3E2920DF}"
EndProject
Project("{FAE04EC0-301F-11D3-BF4B-00C04F79EFBC}") = "Senluo.VocaSpider", "Senluo.VocaSpider\Senluo.VocaSpider.csproj", "{154BE673-64E3-4A4D-8F53-861A3F2A8A4D}"
EndProject
Project("{FAE04EC0-301F-11D3-BF4B-00C04F79EFBC}") = "Ors.Core.Autofac", "Ors.Core.Autofac\Ors.Core.Autofac.csproj", "{CE7B51E2-C261-498A-BF90-8E1824C389CA}"
EndProject
Project("{FAE04EC0-301F-11D3-BF4B-00C04F79EFBC}") = "Senluo.Spellet", "Senluo.Spellet\Senluo.Spellet.csproj", "{4337F382-8B0A-433C-902C-91B32B0B1FE6}"
EndProject
Project("{FAE04EC0-301F-11D3-BF4B-00C04F79EFBC}") = "Senluo.GenMySqlScript", "Senluo.GenMySqlScript\Senluo.GenMySqlScript.csproj", "{62FD84B4-09C9-45F1-933C-9A2686AB0CDF}"
EndProject
Project("{FAE04EC0-301F-11D3-BF4B-00C04F79EFBC}") = "Senluo.UI", "Senluo.UI\Senluo.UI.csproj", "{08A68A30-4C67-4EEA-9BA4-D16495B1C63B}"
EndProject
Global
	GlobalSection(SolutionConfigurationPlatforms) = preSolution
		Debug|Any CPU = Debug|Any CPU
		Release|Any CPU = Release|Any CPU
	EndGlobalSection
	GlobalSection(ProjectConfigurationPlatforms) = postSolution
		{77128248-6AFC-4BE6-837E-6DA8703ADA30}.Debug|Any CPU.ActiveCfg = Debug|Any CPU
		{77128248-6AFC-4BE6-837E-6DA8703ADA30}.Debug|Any CPU.Build.0 = Debug|Any CPU
		{77128248-6AFC-4BE6-837E-6DA8703ADA30}.Release|Any CPU.ActiveCfg = Release|Any CPU
		{77128248-6AFC-4BE6-837E-6DA8703ADA30}.Release|Any CPU.Build.0 = Release|Any CPU
		{D31C25DD-B900-42F6-9BA6-2E30BA039671}.Debug|Any CPU.ActiveCfg = Debug|Any CPU
		{D31C25DD-B900-42F6-9BA6-2E30BA039671}.Debug|Any CPU.Build.0 = Debug|Any CPU
		{D31C25DD-B900-42F6-9BA6-2E30BA039671}.Release|Any CPU.ActiveCfg = Release|Any CPU
		{D31C25DD-B900-42F6-9BA6-2E30BA039671}.Release|Any CPU.Build.0 = Release|Any CPU
		{77565B6A-8B45-4B61-AAD1-C0C682DDB629}.Debug|Any CPU.ActiveCfg = Debug|Any CPU
		{77565B6A-8B45-4B61-AAD1-C0C682DDB629}.Debug|Any CPU.Build.0 = Debug|Any CPU
		{77565B6A-8B45-4B61-AAD1-C0C682DDB629}.Release|Any CPU.ActiveCfg = Release|Any CPU
		{77565B6A-8B45-4B61-AAD1-C0C682DDB629}.Release|Any CPU.Build.0 = Release|Any CPU
		{A1AD1031-1C7D-4DAC-B6E5-958EFF42E132}.Debug|Any CPU.ActiveCfg = Debug|Any CPU
		{A1AD1031-1C7D-4DAC-B6E5-958EFF42E132}.Debug|Any CPU.Build.0 = Debug|Any CPU
		{A1AD1031-1C7D-4DAC-B6E5-958EFF42E132}.Release|Any CPU.ActiveCfg = Release|Any CPU
		{A1AD1031-1C7D-4DAC-B6E5-958EFF42E132}.Release|Any CPU.Build.0 = Release|Any CPU
		{154BE673-64E3-4A4D-8F53-861A3F2A8A4D}.Debug|Any CPU.ActiveCfg = Debug|Any CPU
		{154BE673-64E3-4A4D-8F53-861A3F2A8A4D}.Debug|Any CPU.Build.0 = Debug|Any CPU
		{154BE673-64E3-4A4D-8F53-861A3F2A8A4D}.Release|Any CPU.ActiveCfg = Release|Any CPU
		{154BE673-64E3-4A4D-8F53-861A3F2A8A4D}.Release|Any CPU.Build.0 = Release|Any CPU
		{CE7B51E2-C261-498A-BF90-8E1824C389CA}.Debug|Any CPU.ActiveCfg = Debug|Any CPU
		{CE7B51E2-C261-498A-BF90-8E1824C389CA}.Debug|Any CPU.Build.0 = Debug|Any CPU
		{CE7B51E2-C261-498A-BF90-8E1824C389CA}.Release|Any CPU.ActiveCfg = Release|Any CPU
		{CE7B51E2-C261-498A-BF90-8E1824C389CA}.Release|Any CPU.Build.0 = Release|Any CPU
		{4337F382-8B0A-433C-902C-91B32B0B1FE6}.Debug|Any CPU.ActiveCfg = Debug|Any CPU
		{4337F382-8B0A-433C-902C-91B32B0B1FE6}.Debug|Any CPU.Build.0 = Debug|Any CPU
		{4337F382-8B0A-433C-902C-91B32B0B1FE6}.Release|Any CPU.ActiveCfg = Release|Any CPU
		{4337F382-8B0A-433C-902C-91B32B0B1FE6}.Release|Any CPU.Build.0 = Release|Any CPU
		{62FD84B4-09C9-45F1-933C-9A2686AB0CDF}.Debug|Any CPU.ActiveCfg = Debug|Any CPU
		{62FD84B4-09C9-45F1-933C-9A2686AB0CDF}.Debug|Any CPU.Build.0 = Debug|Any CPU
		{62FD84B4-09C9-45F1-933C-9A2686AB0CDF}.Release|Any CPU.ActiveCfg = Release|Any CPU
		{62FD84B4-09C9-45F1-933C-9A2686AB0CDF}.Release|Any CPU.Build.0 = Release|Any CPU
		{08A68A30-4C67-4EEA-9BA4-D16495B1C63B}.Debug|Any CPU.ActiveCfg = Debug|Any CPU
		{08A68A30-4C67-4EEA-9BA4-D16495B1C63B}.Debug|Any CPU.Build.0 = Debug|Any CPU
		{08A68A30-4C67-4EEA-9BA4-D16495B1C63B}.Release|Any CPU.ActiveCfg = Release|Any CPU
		{08A68A30-4C67-4EEA-9BA4-D16495B1C63B}.Release|Any CPU.Build.0 = Release|Any CPU
	EndGlobalSection
	GlobalSection(SolutionProperties) = preSolution
		HideSolutionNode = FALSE
	EndGlobalSection
	GlobalSection(NestedProjects) = preSolution
		{77128248-6AFC-4BE6-837E-6DA8703ADA30} = {E64B1CCF-A28E-44BF-8052-79D5EA210637}
		{D31C25DD-B900-42F6-9BA6-2E30BA039671} = {E64B1CCF-A28E-44BF-8052-79D5EA210637}
		{77565B6A-8B45-4B61-AAD1-C0C682DDB629} = {B2904ACF-B024-4B82-8EB9-7F5AB2697029}
		{A1AD1031-1C7D-4DAC-B6E5-958EFF42E132} = {DDE82093-9AD9-4488-9DF5-5B35ADA91B50}
		{CE7B51E2-C261-498A-BF90-8E1824C389CA} = {DDE82093-9AD9-4488-9DF5-5B35ADA91B50}
		{154BE673-64E3-4A4D-8F53-861A3F2A8A4D} = {F2AE29A6-DD41-46B9-94D3-C5AD3E2920DF}
		{4337F382-8B0A-433C-902C-91B32B0B1FE6} = {F2AE29A6-DD41-46B9-94D3-C5AD3E2920DF}
		{62FD84B4-09C9-45F1-933C-9A2686AB0CDF} = {F2AE29A6-DD41-46B9-94D3-C5AD3E2920DF}
		{08A68A30-4C67-4EEA-9BA4-D16495B1C63B} = {F2AE29A6-DD41-46B9-94D3-C5AD3E2920DF}
	EndGlobalSection
EndGlobal
